// !$*UTF8*$!
{
	archiveVersion = 1;
	classes = {
	};
	objectVersion = 77;
	objects = {

/* Begin PBXContainerItemProxy section */
		FCB93B272E10DB1B007E806C /* PBXContainerItemProxy */ = {
			isa = PBXContainerItemProxy;
			containerPortal = FCB93B0D2E10DB18007E806C /* Project object */;
			proxyType = 1;
			remoteGlobalIDString = FCB93B142E10DB18007E806C;
			remoteInfo = TestBCA;
		};
		FCB93B312E10DB1B007E806C /* PBXContainerItemProxy */ = {
			isa = PBXContainerItemProxy;
			containerPortal = FCB93B0D2E10DB18007E806C /* Project object */;
			proxyType = 1;
			remoteGlobalIDString = FCB93B142E10DB18007E806C;
			remoteInfo = TestBCA;
		};
/* End PBXContainerItemProxy section */

/* Begin PBXFileReference section */
		FCB93B152E10DB18007E806C /* TestBCA.app */ = {isa = PBXFileReference; explicitFileType = wrapper.application; includeInIndex = 0; path = TestBCA.app; sourceTree = BUILT_PRODUCTS_DIR; };
		FCB93B262E10DB1B007E806C /* TestBCATests.xctest */ = {isa = PBXFileReference; explicitFileType = wrapper.cfbundle; includeInIndex = 0; path = TestBCATests.xctest; sourceTree = BUILT_PRODUCTS_DIR; };
		FCB93B302E10DB1B007E806C /* TestBCAUITests.xctest */ = {isa = PBXFileReference; explicitFileType = wrapper.cfbundle; includeInIndex = 0; path = TestBCAUITests.xctest; sourceTree = BUILT_PRODUCTS_DIR; };
/* End PBXFileReference section */

/* Begin PBXFileSystemSynchronizedBuildFileExceptionSet section */
		FCB93BF72E1178DA007E806C /* Exceptions for "TestBCA" folder in "TestBCATests" target */ = {
			isa = PBXFileSystemSynchronizedBuildFileExceptionSet;
			membershipExceptions = (
				DummyJson.json,
				Helper/Debouncer.swift,
				Helper/JSONReader.swift,
				Helper/Player/AudioPlayerManager.swift,
				Helper/Player/PlayerProtocol.swift,
				Model/Audio.swift,
				Model/Audios.swift,
				Model/Error.swift,
				Model/Playlist.swift,
				Networking/API.swift,
				Networking/AudioAPI/AudioAPI.swift,
				Networking/AudioAPI/Protocol/AudioAPIProtocol.swift,
				Networking/Executor.swift,
				View/TabBar/MainViewModel.swift,
				View/TabBar/MainViewModelProtocol.swift,
			);
			target = FCB93B252E10DB1B007E806C /* TestBCATests */;
		};
		FCB93C162E1199DD007E806C /* Exceptions for "TestBCA" folder in "TestBCA" target */ = {
			isa = PBXFileSystemSynchronizedBuildFileExceptionSet;
			membershipExceptions = (
				DummyJson.json,
			);
			target = FCB93B142E10DB18007E806C /* TestBCA */;
		};
		FCB93C1E2E119E05007E806C /* Exceptions for "TestBCATests" folder in "TestBCA" target */ = {
			isa = PBXFileSystemSynchronizedBuildFileExceptionSet;
			membershipExceptions = (
				DummyMainApiUsecase.swift,
			);
			target = FCB93B142E10DB18007E806C /* TestBCA */;
		};
/* End PBXFileSystemSynchronizedBuildFileExceptionSet section */

/* Begin PBXFileSystemSynchronizedGroupBuildPhaseMembershipExceptionSet section */
		FCB93C172E1199DD007E806C /* Exceptions for "TestBCA" folder in "Compile Sources" phase from "TestBCA" target */ = {
			isa = PBXFileSystemSynchronizedGroupBuildPhaseMembershipExceptionSet;
			buildPhase = FCB93B112E10DB18007E806C /* Sources */;
			membershipExceptions = (
				DummyJson.json,
			);
		};
		FCB93C252E11A27C007E806C /* Exceptions for "TestBCATests" folder in "Compile Sources" phase from "TestBCATests" target */ = {
			isa = PBXFileSystemSynchronizedGroupBuildPhaseMembershipExceptionSet;
			buildPhase = FCB93B222E10DB1B007E806C /* Sources */;
			membershipExceptions = (
				FourAudioJSON.json,
			);
		};
/* End PBXFileSystemSynchronizedGroupBuildPhaseMembershipExceptionSet section */

/* Begin PBXFileSystemSynchronizedRootGroup section */
		FCB93B172E10DB18007E806C /* TestBCA */ = {
			isa = PBXFileSystemSynchronizedRootGroup;
			exceptions = (
				FCB93C162E1199DD007E806C /* Exceptions for "TestBCA" folder in "TestBCA" target */,
				FCB93C172E1199DD007E806C /* Exceptions for "TestBCA" folder in "Compile Sources" phase from "TestBCA" target */,
				FCB93BF72E1178DA007E806C /* Exceptions for "TestBCA" folder in "TestBCATests" target */,
			);
			path = TestBCA;
			sourceTree = "<group>";
		};
		FCB93B292E10DB1B007E806C /* TestBCATests */ = {
			isa = PBXFileSystemSynchronizedRootGroup;
			exceptions = (
				FCB93C1E2E119E05007E806C /* Exceptions for "TestBCATests" folder in "TestBCA" target */,
				FCB93C252E11A27C007E806C /* Exceptions for "TestBCATests" folder in "Compile Sources" phase from "TestBCATests" target */,
			);
			path = TestBCATests;
			sourceTree = "<group>";
		};
		FCB93B332E10DB1B007E806C /* TestBCAUITests */ = {
			isa = PBXFileSystemSynchronizedRootGroup;
			path = TestBCAUITests;
			sourceTree = "<group>";
		};
/* End PBXFileSystemSynchronizedRootGroup section */

/* Begin PBXFrameworksBuildPhase section */
		FCB93B122E10DB18007E806C /* Frameworks */ = {
			isa = PBXFrameworksBuildPhase;
			buildActionMask = 2147483647;
			files = (
			);
			runOnlyForDeploymentPostprocessing = 0;
		};
		FCB93B232E10DB1B007E806C /* Frameworks */ = {
			isa = PBXFrameworksBuildPhase;
			buildActionMask = 2147483647;
			files = (
			);
			runOnlyForDeploymentPostprocessing = 0;
		};
		FCB93B2D2E10DB1B007E806C /* Frameworks */ = {
			isa = PBXFrameworksBuildPhase;
			buildActionMask = 2147483647;
			files = (
			);
			runOnlyForDeploymentPostprocessing = 0;
		};
/* End PBXFrameworksBuildPhase section */

/* Begin PBXGroup section */
		FCB93B0C2E10DB18007E806C = {
			isa = PBXGroup;
			children = (
				FCB93B172E10DB18007E806C /* TestBCA */,
				FCB93B292E10DB1B007E806C /* TestBCATests */,
				FCB93B332E10DB1B007E806C /* TestBCAUITests */,
				FCB93B162E10DB18007E806C /* Products */,
			);
			sourceTree = "<group>";
		};
		FCB93B162E10DB18007E806C /* Products */ = {
			isa = PBXGroup;
			children = (
				FCB93B152E10DB18007E806C /* TestBCA.app */,
				FCB93B262E10DB1B007E806C /* TestBCATests.xctest */,
				FCB93B302E10DB1B007E806C /* TestBCAUITests.xctest */,
			);
			name = Products;
			sourceTree = "<group>";
		};
/* End PBXGroup section */

/* Begin PBXNativeTarget section */
		FCB93B142E10DB18007E806C /* TestBCA */ = {
			isa = PBXNativeTarget;
			buildConfigurationList = FCB93B3A2E10DB1B007E806C /* Build configuration list for PBXNativeTarget "TestBCA" */;
			buildPhases = (
				FCB93B112E10DB18007E806C /* Sources */,
				FCB93B122E10DB18007E806C /* Frameworks */,
				FCB93B132E10DB18007E806C /* Resources */,
			);
			buildRules = (
			);
			dependencies = (
			);
			fileSystemSynchronizedGroups = (
				FCB93B172E10DB18007E806C /* TestBCA */,
			);
			name = TestBCA;
			packageProductDependencies = (
			);
			productName = TestBCA;
			productReference = FCB93B152E10DB18007E806C /* TestBCA.app */;
			productType = "com.apple.product-type.application";
		};
		FCB93B252E10DB1B007E806C /* TestBCATests */ = {
			isa = PBXNativeTarget;
			buildConfigurationList = FCB93B3D2E10DB1B007E806C /* Build configuration list for PBXNativeTarget "TestBCATests" */;
			buildPhases = (
				FCB93B222E10DB1B007E806C /* Sources */,
				FCB93B232E10DB1B007E806C /* Frameworks */,
				FCB93B242E10DB1B007E806C /* Resources */,
			);
			buildRules = (
			);
			dependencies = (
				FCB93B282E10DB1B007E806C /* PBXTargetDependency */,
			);
			fileSystemSynchronizedGroups = (
				FCB93B292E10DB1B007E806C /* TestBCATests */,
			);
			name = TestBCATests;
			packageProductDependencies = (
			);
			productName = TestBCATests;
			productReference = FCB93B262E10DB1B007E806C /* TestBCATests.xctest */;
			productType = "com.apple.product-type.bundle.unit-test";
		};
		FCB93B2F2E10DB1B007E806C /* TestBCAUITests */ = {
			isa = PBXNativeTarget;
			buildConfigurationList = FCB93B402E10DB1B007E806C /* Build configuration list for PBXNativeTarget "TestBCAUITests" */;
			buildPhases = (
				FCB93B2C2E10DB1B007E806C /* Sources */,
				FCB93B2D2E10DB1B007E806C /* Frameworks */,
				FCB93B2E2E10DB1B007E806C /* Resources */,
			);
			buildRules = (
			);
			dependencies = (
				FCB93B322E10DB1B007E806C /* PBXTargetDependency */,
			);
			fileSystemSynchronizedGroups = (
				FCB93B332E10DB1B007E806C /* TestBCAUITests */,
			);
			name = TestBCAUITests;
			packageProductDependencies = (
			);
			productName = TestBCAUITests;
			productReference = FCB93B302E10DB1B007E806C /* TestBCAUITests.xctest */;
			productType = "com.apple.product-type.bundle.ui-testing";
		};
/* End PBXNativeTarget section */

/* Begin PBXProject section */
		FCB93B0D2E10DB18007E806C /* Project object */ = {
			isa = PBXProject;
			attributes = {
				BuildIndependentTargetsInParallel = 1;
				LastSwiftUpdateCheck = 1620;
				LastUpgradeCheck = 1620;
				TargetAttributes = {
					FCB93B142E10DB18007E806C = {
						CreatedOnToolsVersion = 16.2;
					};
					FCB93B252E10DB1B007E806C = {
						CreatedOnToolsVersion = 16.2;
						TestTargetID = FCB93B142E10DB18007E806C;
					};
					FCB93B2F2E10DB1B007E806C = {
						CreatedOnToolsVersion = 16.2;
						TestTargetID = FCB93B142E10DB18007E806C;
					};
				};
			};
			buildConfigurationList = FCB93B102E10DB18007E806C /* Build configuration list for PBXProject "TestBCA" */;
			developmentRegion = en;
			hasScannedForEncodings = 0;
			knownRegions = (
				en,
				Base,
			);
			mainGroup = FCB93B0C2E10DB18007E806C;
			minimizedProjectReferenceProxies = 1;
			preferredProjectObjectVersion = 77;
			productRefGroup = FCB93B162E10DB18007E806C /* Products */;
			projectDirPath = "";
			projectRoot = "";
			targets = (
				FCB93B142E10DB18007E806C /* TestBCA */,
				FCB93B252E10DB1B007E806C /* TestBCATests */,
				FCB93B2F2E10DB1B007E806C /* TestBCAUITests */,
			);
		};
/* End PBXProject section */

/* Begin PBXResourcesBuildPhase section */
		FCB93B132E10DB18007E806C /* Resources */ = {
			isa = PBXResourcesBuildPhase;
			buildActionMask = 2147483647;
			files = (
			);
			runOnlyForDeploymentPostprocessing = 0;
		};
		FCB93B242E10DB1B007E806C /* Resources */ = {
			isa = PBXResourcesBuildPhase;
			buildActionMask = 2147483647;
			files = (
			);
			runOnlyForDeploymentPostprocessing = 0;
		};
		FCB93B2E2E10DB1B007E806C /* Resources */ = {
			isa = PBXResourcesBuildPhase;
			buildActionMask = 2147483647;
			files = (
			);
			runOnlyForDeploymentPostprocessing = 0;
		};
/* End PBXResourcesBuildPhase section */

/* Begin PBXSourcesBuildPhase section */
		FCB93B112E10DB18007E806C /* Sources */ = {
			isa = PBXSourcesBuildPhase;
			buildActionMask = 2147483647;
			files = (
			);
			runOnlyForDeploymentPostprocessing = 0;
		};
		FCB93B222E10DB1B007E806C /* Sources */ = {
			isa = PBXSourcesBuildPhase;
			buildActionMask = 2147483647;
			files = (
			);
			runOnlyForDeploymentPostprocessing = 0;
		};
		FCB93B2C2E10DB1B007E806C /* Sources */ = {
			isa = PBXSourcesBuildPhase;
			buildActionMask = 2147483647;
			files = (
			);
			runOnlyForDeploymentPostprocessing = 0;
		};
/* End PBXSourcesBuildPhase section */

/* Begin PBXTargetDependency section */
		FCB93B282E10DB1B007E806C /* PBXTargetDependency */ = {
			isa = PBXTargetDependency;
			target = FCB93B142E10DB18007E806C /* TestBCA */;
			targetProxy = FCB93B272E10DB1B007E806C /* PBXContainerItemProxy */;
		};
		FCB93B322E10DB1B007E806C /* PBXTargetDependency */ = {
			isa = PBXTargetDependency;
			target = FCB93B142E10DB18007E806C /* TestBCA */;
			targetProxy = FCB93B312E10DB1B007E806C /* PBXContainerItemProxy */;
		};
/* End PBXTargetDependency section */

/* Begin XCBuildConfiguration section */
		FCB93B382E10DB1B007E806C /* Debug */ = {
			isa = XCBuildConfiguration;
			buildSettings = {
				ALWAYS_SEARCH_USER_PATHS = NO;
				ASSETCATALOG_COMPILER_GENERATE_SWIFT_ASSET_SYMBOL_EXTENSIONS = YES;
				CLANG_ANALYZER_NONNULL = YES;
				CLANG_ANALYZER_NUMBER_OBJECT_CONVERSION = YES_AGGRESSIVE;
				CLANG_CXX_LANGUAGE_STANDARD = "gnu++20";
				CLANG_ENABLE_MODULES = YES;
				CLANG_ENABLE_OBJC_ARC = YES;
				CLANG_ENABLE_OBJC_WEAK = YES;
				CLANG_WARN_BLOCK_CAPTURE_AUTORELEASING = YES;
				CLANG_WARN_BOOL_CONVERSION = YES;
				CLANG_WARN_COMMA = YES;
				CLANG_WARN_CONSTANT_CONVERSION = YES;
				CLANG_WARN_DEPRECATED_OBJC_IMPLEMENTATIONS = YES;
				CLANG_WARN_DIRECT_OBJC_ISA_USAGE = YES_ERROR;
				CLANG_WARN_DOCUMENTATION_COMMENTS = YES;
				CLANG_WARN_EMPTY_BODY = YES;
				CLANG_WARN_ENUM_CONVERSION = YES;
				CLANG_WARN_INFINITE_RECURSION = YES;
				CLANG_WARN_INT_CONVERSION = YES;
				CLANG_WARN_NON_LITERAL_NULL_CONVERSION = YES;
				CLANG_WARN_OBJC_IMPLICIT_RETAIN_SELF = YES;
				CLANG_WARN_OBJC_LITERAL_CONVERSION = YES;
				CLANG_WARN_OBJC_ROOT_CLASS = YES_ERROR;
				CLANG_WARN_QUOTED_INCLUDE_IN_FRAMEWORK_HEADER = YES;
				CLANG_WARN_RANGE_LOOP_ANALYSIS = YES;
				CLANG_WARN_STRICT_PROTOTYPES = YES;
				CLANG_WARN_SUSPICIOUS_MOVE = YES;
				CLANG_WARN_UNGUARDED_AVAILABILITY = YES_AGGRESSIVE;
				CLANG_WARN_UNREACHABLE_CODE = YES;
				CLANG_WARN__DUPLICATE_METHOD_MATCH = YES;
				COPY_PHASE_STRIP = NO;
				DEBUG_INFORMATION_FORMAT = dwarf;
				ENABLE_STRICT_OBJC_MSGSEND = YES;
				ENABLE_TESTABILITY = YES;
				ENABLE_USER_SCRIPT_SANDBOXING = YES;
				GCC_C_LANGUAGE_STANDARD = gnu17;
				GCC_DYNAMIC_NO_PIC = NO;
				GCC_NO_COMMON_BLOCKS = YES;
				GCC_OPTIMIZATION_LEVEL = 0;
				GCC_PREPROCESSOR_DEFINITIONS = (
					"DEBUG=1",
					"$(inherited)",
				);
				GCC_WARN_64_TO_32_BIT_CONVERSION = YES;
				GCC_WARN_ABOUT_RETURN_TYPE = YES_ERROR;
				GCC_WARN_UNDECLARED_SELECTOR = YES;
				GCC_WARN_UNINITIALIZED_AUTOS = YES_AGGRESSIVE;
				GCC_WARN_UNUSED_FUNCTION = YES;
				GCC_WARN_UNUSED_VARIABLE = YES;
				LOCALIZATION_PREFERS_STRING_CATALOGS = YES;
				MTL_ENABLE_DEBUG_INFO = INCLUDE_SOURCE;
				MTL_FAST_MATH = YES;
				ONLY_ACTIVE_ARCH = YES;
				SWIFT_ACTIVE_COMPILATION_CONDITIONS = "DEBUG $(inherited)";
				SWIFT_OPTIMIZATION_LEVEL = "-Onone";
			};
			name = Debug;
		};
		FCB93B392E10DB1B007E806C /* Release */ = {
			isa = XCBuildConfiguration;
			buildSettings = {
				ALWAYS_SEARCH_USER_PATHS = NO;
				ASSETCATALOG_COMPILER_GENERATE_SWIFT_ASSET_SYMBOL_EXTENSIONS = YES;
				CLANG_ANALYZER_NONNULL = YES;
				CLANG_ANALYZER_NUMBER_OBJECT_CONVERSION = YES_AGGRESSIVE;
				CLANG_CXX_LANGUAGE_STANDARD = "gnu++20";
				CLANG_ENABLE_MODULES = YES;
				CLANG_ENABLE_OBJC_ARC = YES;
				CLANG_ENABLE_OBJC_WEAK = YES;
				CLANG_WARN_BLOCK_CAPTURE_AUTORELEASING = YES;
				CLANG_WARN_BOOL_CONVERSION = YES;
				CLANG_WARN_COMMA = YES;
				CLANG_WARN_CONSTANT_CONVERSION = YES;
				CLANG_WARN_DEPRECATED_OBJC_IMPLEMENTATIONS = YES;
				CLANG_WARN_DIRECT_OBJC_ISA_USAGE = YES_ERROR;
				CLANG_WARN_DOCUMENTATION_COMMENTS = YES;
				CLANG_WARN_EMPTY_BODY = YES;
				CLANG_WARN_ENUM_CONVERSION = YES;
				CLANG_WARN_INFINITE_RECURSION = YES;
				CLANG_WARN_INT_CONVERSION = YES;
				CLANG_WARN_NON_LITERAL_NULL_CONVERSION = YES;
				CLANG_WARN_OBJC_IMPLICIT_RETAIN_SELF = YES;
				CLANG_WARN_OBJC_LITERAL_CONVERSION = YES;
				CLANG_WARN_OBJC_ROOT_CLASS = YES_ERROR;
				CLANG_WARN_QUOTED_INCLUDE_IN_FRAMEWORK_HEADER = YES;
				CLANG_WARN_RANGE_LOOP_ANALYSIS = YES;
				CLANG_WARN_STRICT_PROTOTYPES = YES;
				CLANG_WARN_SUSPICIOUS_MOVE = YES;
				CLANG_WARN_UNGUARDED_AVAILABILITY = YES_AGGRESSIVE;
				CLANG_WARN_UNREACHABLE_CODE = YES;
				CLANG_WARN__DUPLICATE_METHOD_MATCH = YES;
				COPY_PHASE_STRIP = NO;
				DEBUG_INFORMATION_FORMAT = "dwarf-with-dsym";
				ENABLE_NS_ASSERTIONS = NO;
				ENABLE_STRICT_OBJC_MSGSEND = YES;
				ENABLE_USER_SCRIPT_SANDBOXING = YES;
				GCC_C_LANGUAGE_STANDARD = gnu17;
				GCC_NO_COMMON_BLOCKS = YES;
				GCC_WARN_64_TO_32_BIT_CONVERSION = YES;
				GCC_WARN_ABOUT_RETURN_TYPE = YES_ERROR;
				GCC_WARN_UNDECLARED_SELECTOR = YES;
				GCC_WARN_UNINITIALIZED_AUTOS = YES_AGGRESSIVE;
				GCC_WARN_UNUSED_FUNCTION = YES;
				GCC_WARN_UNUSED_VARIABLE = YES;
				LOCALIZATION_PREFERS_STRING_CATALOGS = YES;
				MTL_ENABLE_DEBUG_INFO = NO;
				MTL_FAST_MATH = YES;
				SWIFT_COMPILATION_MODE = wholemodule;
			};
			name = Release;
		};
		FCB93B3B2E10DB1B007E806C /* Debug */ = {
			isa = XCBuildConfiguration;
			buildSettings = {
				ASSETCATALOG_COMPILER_APPICON_NAME = AppIcon;
				ASSETCATALOG_COMPILER_GLOBAL_ACCENT_COLOR_NAME = AccentColor;
				CODE_SIGN_ENTITLEMENTS = TestBCA/TestBCA.entitlements;
				CODE_SIGN_STYLE = Automatic;
				CURRENT_PROJECT_VERSION = 1;
				DEVELOPMENT_ASSET_PATHS = "\"TestBCA/Preview Content\"";
				DEVELOPMENT_TEAM = J286DXAZ52;
				ENABLE_HARDENED_RUNTIME = YES;
				ENABLE_PREVIEWS = YES;
				GENERATE_INFOPLIST_FILE = YES;
				"INFOPLIST_KEY_UIApplicationSceneManifest_Generation[sdk=iphoneos*]" = YES;
				"INFOPLIST_KEY_UIApplicationSceneManifest_Generation[sdk=iphonesimulator*]" = YES;
				"INFOPLIST_KEY_UIApplicationSupportsIndirectInputEvents[sdk=iphoneos*]" = YES;
				"INFOPLIST_KEY_UIApplicationSupportsIndirectInputEvents[sdk=iphonesimulator*]" = YES;
				"INFOPLIST_KEY_UILaunchScreen_Generation[sdk=iphoneos*]" = YES;
				"INFOPLIST_KEY_UILaunchScreen_Generation[sdk=iphonesimulator*]" = YES;
				"INFOPLIST_KEY_UIStatusBarStyle[sdk=iphoneos*]" = UIStatusBarStyleDefault;
				"INFOPLIST_KEY_UIStatusBarStyle[sdk=iphonesimulator*]" = UIStatusBarStyleDefault;
				INFOPLIST_KEY_UISupportedInterfaceOrientations_iPad = "UIInterfaceOrientationPortrait UIInterfaceOrientationPortraitUpsideDown UIInterfaceOrientationLandscapeLeft UIInterfaceOrientationLandscapeRight";
				INFOPLIST_KEY_UISupportedInterfaceOrientations_iPhone = "UIInterfaceOrientationPortrait UIInterfaceOrientationLandscapeLeft UIInterfaceOrientationLandscapeRight";
				IPHONEOS_DEPLOYMENT_TARGET = 16;
				LD_RUNPATH_SEARCH_PATHS = "@executable_path/Frameworks";
				"LD_RUNPATH_SEARCH_PATHS[sdk=macosx*]" = "@executable_path/../Frameworks";
				MACOSX_DEPLOYMENT_TARGET = 15.0;
				MARKETING_VERSION = 1.0;
				PRODUCT_BUNDLE_IDENTIFIER = rey.TestBCA;
				PRODUCT_NAME = "$(TARGET_NAME)";
				SDKROOT = auto;
				SUPPORTED_PLATFORMS = "iphoneos iphonesimulator macosx xros xrsimulator";
				SWIFT_EMIT_LOC_STRINGS = YES;
				SWIFT_VERSION = 5.0;
				TARGETED_DEVICE_FAMILY = "1,2,7";
				XROS_DEPLOYMENT_TARGET = 2.2;
			};
			name = Debug;
		};
		FCB93B3C2E10DB1B007E806C /* Release */ = {
			isa = XCBuildConfiguration;
			buildSettings = {
				ASSETCATALOG_COMPILER_APPICON_NAME = AppIcon;
				ASSETCATALOG_COMPILER_GLOBAL_ACCENT_COLOR_NAME = AccentColor;
				CODE_SIGN_ENTITLEMENTS = TestBCA/TestBCA.entitlements;
				CODE_SIGN_STYLE = Automatic;
				CURRENT_PROJECT_VERSION = 1;
				DEVELOPMENT_ASSET_PATHS = "\"TestBCA/Preview Content\"";
				DEVELOPMENT_TEAM = J286DXAZ52;
				ENABLE_HARDENED_RUNTIME = YES;
				ENABLE_PREVIEWS = YES;
				GENERATE_INFOPLIST_FILE = YES;
				"INFOPLIST_KEY_UIApplicationSceneManifest_Generation[sdk=iphoneos*]" = YES;
				"INFOPLIST_KEY_UIApplicationSceneManifest_Generation[sdk=iphonesimulator*]" = YES;
				"INFOPLIST_KEY_UIApplicationSupportsIndirectInputEvents[sdk=iphoneos*]" = YES;
				"INFOPLIST_KEY_UIApplicationSupportsIndirectInputEvents[sdk=iphonesimulator*]" = YES;
				"INFOPLIST_KEY_UILaunchScreen_Generation[sdk=iphoneos*]" = YES;
				"INFOPLIST_KEY_UILaunchScreen_Generation[sdk=iphonesimulator*]" = YES;
				"INFOPLIST_KEY_UIStatusBarStyle[sdk=iphoneos*]" = UIStatusBarStyleDefault;
				"INFOPLIST_KEY_UIStatusBarStyle[sdk=iphonesimulator*]" = UIStatusBarStyleDefault;
				INFOPLIST_KEY_UISupportedInterfaceOrientations_iPad = "UIInterfaceOrientationPortrait UIInterfaceOrientationPortraitUpsideDown UIInterfaceOrientationLandscapeLeft UIInterfaceOrientationLandscapeRight";
				INFOPLIST_KEY_UISupportedInterfaceOrientations_iPhone = "UIInterfaceOrientationPortrait UIInterfaceOrientationLandscapeLeft UIInterfaceOrientationLandscapeRight";
				IPHONEOS_DEPLOYMENT_TARGET = 16;
				LD_RUNPATH_SEARCH_PATHS = "@executable_path/Frameworks";
				"LD_RUNPATH_SEARCH_PATHS[sdk=macosx*]" = "@executable_path/../Frameworks";
				MACOSX_DEPLOYMENT_TARGET = 15.0;
				MARKETING_VERSION = 1.0;
				PRODUCT_BUNDLE_IDENTIFIER = rey.TestBCA;
				PRODUCT_NAME = "$(TARGET_NAME)";
				SDKROOT = auto;
				SUPPORTED_PLATFORMS = "iphoneos iphonesimulator macosx xros xrsimulator";
				SWIFT_EMIT_LOC_STRINGS = YES;
				SWIFT_VERSION = 5.0;
				TARGETED_DEVICE_FAMILY = "1,2,7";
				XROS_DEPLOYMENT_TARGET = 2.2;
			};
			name = Release;
		};
		FCB93B3E2E10DB1B007E806C /* Debug */ = {
			isa = XCBuildConfiguration;
			buildSettings = {
				BUNDLE_LOADER = "$(TEST_HOST)";
				CODE_SIGN_STYLE = Automatic;
				CURRENT_PROJECT_VERSION = 1;
				DEVELOPMENT_TEAM = J286DXAZ52;
				GENERATE_INFOPLIST_FILE = YES;
				IPHONEOS_DEPLOYMENT_TARGET = 18.2;
				MACOSX_DEPLOYMENT_TARGET = 15.0;
				MARKETING_VERSION = 1.0;
				PRODUCT_BUNDLE_IDENTIFIER = rey.TestBCATests;
				PRODUCT_NAME = "$(TARGET_NAME)";
				SDKROOT = auto;
				SUPPORTED_PLATFORMS = "iphoneos iphonesimulator macosx xros xrsimulator";
				SWIFT_EMIT_LOC_STRINGS = NO;
				SWIFT_VERSION = 5.0;
				TARGETED_DEVICE_FAMILY = "1,2,7";
				TEST_HOST = "$(BUILT_PRODUCTS_DIR)/TestBCA.app/$(BUNDLE_EXECUTABLE_FOLDER_PATH)/TestBCA";
				XROS_DEPLOYMENT_TARGET = 2.2;
			};
			name = Debug;
		};
		FCB93B3F2E10DB1B007E806C /* Release */ = {
			isa = XCBuildConfiguration;
			buildSettings = {
				BUNDLE_LOADER = "$(TEST_HOST)";
				CODE_SIGN_STYLE = Automatic;
				CURRENT_PROJECT_VERSION = 1;
				DEVELOPMENT_TEAM = J286DXAZ52;
				GENERATE_INFOPLIST_FILE = YES;
				IPHONEOS_DEPLOYMENT_TARGET = 18.2;
				MACOSX_DEPLOYMENT_TARGET = 15.0;
				MARKETING_VERSION = 1.0;
				PRODUCT_BUNDLE_IDENTIFIER = rey.TestBCATests;
				PRODUCT_NAME = "$(TARGET_NAME)";
				SDKROOT = auto;
				SUPPORTED_PLATFORMS = "iphoneos iphonesimulator macosx xros xrsimulator";
				SWIFT_EMIT_LOC_STRINGS = NO;
				SWIFT_VERSION = 5.0;
				TARGETED_DEVICE_FAMILY = "1,2,7";
				TEST_HOST = "$(BUILT_PRODUCTS_DIR)/TestBCA.app/$(BUNDLE_EXECUTABLE_FOLDER_PATH)/TestBCA";
				XROS_DEPLOYMENT_TARGET = 2.2;
			};
			name = Release;
		};
		FCB93B412E10DB1B007E806C /* Debug */ = {
			isa = XCBuildConfiguration;
			buildSettings = {
				CODE_SIGN_STYLE = Automatic;
				CURRENT_PROJECT_VERSION = 1;
				DEVELOPMENT_TEAM = J286DXAZ52;
				GENERATE_INFOPLIST_FILE = YES;
				IPHONEOS_DEPLOYMENT_TARGET = 18.2;
				MACOSX_DEPLOYMENT_TARGET = 15.0;
				MARKETING_VERSION = 1.0;
				PRODUCT_BUNDLE_IDENTIFIER = rey.TestBCAUITests;
				PRODUCT_NAME = "$(TARGET_NAME)";
				SDKROOT = auto;
				SUPPORTED_PLATFORMS = "iphoneos iphonesimulator macosx xros xrsimulator";
				SWIFT_EMIT_LOC_STRINGS = NO;
				SWIFT_VERSION = 5.0;
				TARGETED_DEVICE_FAMILY = "1,2,7";
				TEST_TARGET_NAME = TestBCA;
				XROS_DEPLOYMENT_TARGET = 2.2;
			};
			name = Debug;
		};
		FCB93B422E10DB1B007E806C /* Release */ = {
			isa = XCBuildConfiguration;
			buildSettings = {
				CODE_SIGN_STYLE = Automatic;
				CURRENT_PROJECT_VERSION = 1;
				DEVELOPMENT_TEAM = J286DXAZ52;
				GENERATE_INFOPLIST_FILE = YES;
				IPHONEOS_DEPLOYMENT_TARGET = 18.2;
				MACOSX_DEPLOYMENT_TARGET = 15.0;
				MARKETING_VERSION = 1.0;
				PRODUCT_BUNDLE_IDENTIFIER = rey.TestBCAUITests;
				PRODUCT_NAME = "$(TARGET_NAME)";
				SDKROOT = auto;
				SUPPORTED_PLATFORMS = "iphoneos iphonesimulator macosx xros xrsimulator";
				SWIFT_EMIT_LOC_STRINGS = NO;
				SWIFT_VERSION = 5.0;
				TARGETED_DEVICE_FAMILY = "1,2,7";
				TEST_TARGET_NAME = TestBCA;
				XROS_DEPLOYMENT_TARGET = 2.2;
			};
			name = Release;
		};
/* End XCBuildConfiguration section */

/* Begin XCConfigurationList section */
		FCB93B102E10DB18007E806C /* Build configuration list for PBXProject "TestBCA" */ = {
			isa = XCConfigurationList;
			buildConfigurations = (
				FCB93B382E10DB1B007E806C /* Debug */,
				FCB93B392E10DB1B007E806C /* Release */,
			);
			defaultConfigurationIsVisible = 0;
			defaultConfigurationName = Release;
		};
		FCB93B3A2E10DB1B007E806C /* Build configuration list for PBXNativeTarget "TestBCA" */ = {
			isa = XCConfigurationList;
			buildConfigurations = (
				FCB93B3B2E10DB1B007E806C /* Debug */,
				FCB93B3C2E10DB1B007E806C /* Release */,
			);
			defaultConfigurationIsVisible = 0;
			defaultConfigurationName = Release;
		};
		FCB93B3D2E10DB1B007E806C /* Build configuration list for PBXNativeTarget "TestBCATests" */ = {
			isa = XCConfigurationList;
			buildConfigurations = (
				FCB93B3E2E10DB1B007E806C /* Debug */,
				FCB93B3F2E10DB1B007E806C /* Release */,
			);
			defaultConfigurationIsVisible = 0;
			defaultConfigurationName = Release;
		};
		FCB93B402E10DB1B007E806C /* Build configuration list for PBXNativeTarget "TestBCAUITests" */ = {
			isa = XCConfigurationList;
			buildConfigurations = (
				FCB93B412E10DB1B007E806C /* Debug */,
				FCB93B422E10DB1B007E806C /* Release */,
			);
			defaultConfigurationIsVisible = 0;
			defaultConfigurationName = Release;
		};
/* End XCConfigurationList section */
	};
	rootObject = FCB93B0D2E10DB18007E806C /* Project object */;
}
